{
  "name": "authing-miniapp",
  "version": "1.0.0",
  "lockfileVersion": 2,
  "requires": true,
  "packages": {
    "": {
      "name": "authing-miniapp",
      "version": "1.0.0",
      "license": "ISC",
      "dependencies": {
        "@authing/miniapp-wx": "^5.1.3-alpha.5"
      }
    },
    "node_modules/@authing/miniapp-wx": {
      "version": "5.1.3-alpha.5",
      "resolved": "https://registry.npmjs.org/@authing/miniapp-wx/-/miniapp-wx-5.1.3-alpha.5.tgz",
      "integrity": "sha512-GU1ZqdHjhZtutX+dP1GEnz/43zi+3zMcg60dprcWQD1+Fs0BKxChmqGXD0fP0+llVodVyeitHLHZ+R31uLi7kQ=="
    }
  },
  "dependencies": {
    "@authing/miniapp-wx": {
      "version": "5.1.3-alpha.5",
      "resolved": "https://registry.npmjs.org/@authing/miniapp-wx/-/miniapp-wx-5.1.3-alpha.5.tgz",
      "integrity": "sha512-GU1ZqdHjhZtutX+dP1GEnz/43zi+3zMcg60dprcWQD1+Fs0BKxChmqGXD0fP0+llVodVyeitHLHZ+R31uLi7kQ=="
    }
  }
}
