{
  "name": "authing-miniapp",
  "version": "1.0.0",
  "lockfileVersion": 2,
  "requires": true,
  "packages": {
    "": {
      "name": "authing-miniapp",
      "version": "1.0.0",
      "license": "ISC",
      "dependencies": {
        "@authing/miniapp-wx": "^5.1.3-alpha.3"
      }
    },
    "node_modules/@authing/miniapp-wx": {
      "version": "5.1.3-alpha.3",
      "resolved": "https://registry.npmjs.org/@authing/miniapp-wx/-/miniapp-wx-5.1.3-alpha.3.tgz",
      "integrity": "sha512-HJ9v3SiB5nM8SN5DFTbzrLJTREj7yma+dpmiLDhstQGHpfst3i4/3JgDn7CdrPo2xuEX1bA165p+mBocgYxhbA=="
    }
  },
  "dependencies": {
    "@authing/miniapp-wx": {
      "version": "5.1.3-alpha.3",
      "resolved": "https://registry.npmjs.org/@authing/miniapp-wx/-/miniapp-wx-5.1.3-alpha.3.tgz",
      "integrity": "sha512-HJ9v3SiB5nM8SN5DFTbzrLJTREj7yma+dpmiLDhstQGHpfst3i4/3JgDn7CdrPo2xuEX1bA165p+mBocgYxhbA=="
    }
  }
}
