{
  "name": "authing-miniapp",
  "version": "1.0.0",
  "lockfileVersion": 2,
  "requires": true,
  "packages": {
    "": {
      "name": "authing-miniapp",
      "version": "1.0.0",
      "license": "ISC",
      "dependencies": {
        "@authing/miniapp-wx": "^5.1.2"
      }
    },
    "node_modules/@authing/miniapp-wx": {
      "version": "5.1.2",
      "resolved": "https://registry.npmjs.org/@authing/miniapp-wx/-/miniapp-wx-5.1.2.tgz",
      "integrity": "sha512-Ak1Br1hvMwX5oRZsFGqm41jZKOjmzn2MKtFZ7o5jXuMzDDMPLsCt9O72+uNVWZubKbKY4UQ2kS1NDd6lnkfLww=="
    }
  },
  "dependencies": {
    "@authing/miniapp-wx": {
      "version": "5.1.2",
      "resolved": "https://registry.npmjs.org/@authing/miniapp-wx/-/miniapp-wx-5.1.2.tgz",
      "integrity": "sha512-Ak1Br1hvMwX5oRZsFGqm41jZKOjmzn2MKtFZ7o5jXuMzDDMPLsCt9O72+uNVWZubKbKY4UQ2kS1NDd6lnkfLww=="
    }
  }
}
